
Microsoft Visual Studio Solution File, Format Version 12.00
# Visual Studio Version 17
VisualStudioVersion = 17.9.34902.65
MinimumVisualStudioVersion = 10.0.40219.1
Project("{FAE04EC0-301F-11D3-BF4B-00C04F79EFBC}") = "GPT Bank-ai", "GPT Bank-ai\GPT Bank-ai.csproj", "{2640AC8D-E0F4-4A43-854B-CCE1DBC16CFC}"
EndProject
Global
	GlobalSection(SolutionConfigurationPlatforms) = preSolution
		Debug|Any CPU = Debug|Any CPU
		Release|Any CPU = Release|Any CPU
	EndGlobalSection
	GlobalSection(ProjectConfigurationPlatforms) = postSolution
		{2640AC8D-E0F4-4A43-854B-CCE1DBC16CFC}.Debug|Any CPU.ActiveCfg = Debug|Any CPU
		{2640AC8D-E0F4-4A43-854B-CCE1DBC16CFC}.Debug|Any CPU.Build.0 = Debug|Any CPU
		{2640AC8D-E0F4-4A43-854B-CCE1DBC16CFC}.Release|Any CPU.ActiveCfg = Release|Any CPU
		{2640AC8D-E0F4-4A43-854B-CCE1DBC16CFC}.Release|Any CPU.Build.0 = Release|Any CPU
	EndGlobalSection
	GlobalSection(SolutionProperties) = preSolution
		HideSolutionNode = FALSE
	EndGlobalSection
	GlobalSection(ExtensibilityGlobals) = postSolution
		SolutionGuid = {BE1A6969-F780-40F2-B48A-E00D3963E3BD}
	EndGlobalSection
EndGlobal
